
Microsoft Visual Studio Solution File, Format Version 12.00
# Visual Studio Version 17
VisualStudioVersion = 17.7.34031.279
MinimumVisualStudioVersion = 10.0.40219.1
Project("{FAE04EC0-301F-11D3-BF4B-00C04F79EFBC}") = "Blog", "Blog\Blog.csproj", "{C75A4F7C-43C0-467B-9B6F-13B7E2575800}"
EndProject
Global
	GlobalSection(SolutionConfigurationPlatforms) = preSolution
		Debug|Any CPU = Debug|Any CPU
		Release|Any CPU = Release|Any CPU
	EndGlobalSection
	GlobalSection(ProjectConfigurationPlatforms) = postSolution
		{C75A4F7C-43C0-467B-9B6F-13B7E2575800}.Debug|Any CPU.ActiveCfg = Debug|Any CPU
		{C75A4F7C-43C0-467B-9B6F-13B7E2575800}.Debug|Any CPU.Build.0 = Debug|Any CPU
		{C75A4F7C-43C0-467B-9B6F-13B7E2575800}.Release|Any CPU.ActiveCfg = Release|Any CPU
		{C75A4F7C-43C0-467B-9B6F-13B7E2575800}.Release|Any CPU.Build.0 = Release|Any CPU
	EndGlobalSection
	GlobalSection(SolutionProperties) = preSolution
		HideSolutionNode = FALSE
	EndGlobalSection
	GlobalSection(ExtensibilityGlobals) = postSolution
		SolutionGuid = {31DEB014-86BC-4A9F-B68B-943CF17F1C29}
	EndGlobalSection
EndGlobal
